
Microsoft Visual Studio Solution File, Format Version 12.00
# Visual Studio Version 17
VisualStudioVersion = 17.0.31903.59
MinimumVisualStudioVersion = 10.0.40219.1
Project("{FAE04EC0-301F-11D3-BF4B-00C04F79EFBC}") = "Lecture5_HW4", "Lecture5_HW4.csproj", "{C9425671-391F-42DE-B6B3-9775B588384E}"
EndProject
Global
	GlobalSection(SolutionConfigurationPlatforms) = preSolution
		Debug|Any CPU = Debug|Any CPU
		Release|Any CPU = Release|Any CPU
	EndGlobalSection
	GlobalSection(ProjectConfigurationPlatforms) = postSolution
		{C9425671-391F-42DE-B6B3-9775B588384E}.Debug|Any CPU.ActiveCfg = Debug|Any CPU
		{C9425671-391F-42DE-B6B3-9775B588384E}.Debug|Any CPU.Build.0 = Debug|Any CPU
		{C9425671-391F-42DE-B6B3-9775B588384E}.Release|Any CPU.ActiveCfg = Release|Any CPU
		{C9425671-391F-42DE-B6B3-9775B588384E}.Release|Any CPU.Build.0 = Release|Any CPU
	EndGlobalSection
	GlobalSection(SolutionProperties) = preSolution
		HideSolutionNode = FALSE
	EndGlobalSection
	GlobalSection(ExtensibilityGlobals) = postSolution
		SolutionGuid = {2EC3E712-0AF0-404C-ACCF-D730B6C560E8}
	EndGlobalSection
EndGlobal
