
Microsoft Visual Studio Solution File, Format Version 12.00
# Visual Studio Version 17
VisualStudioVersion = 17.0.31903.59
MinimumVisualStudioVersion = 10.0.40219.1
Project("{FAE04EC0-301F-11D3-BF4B-00C04F79EFBC}") = "WindowsFormsApp1", "WindowsFormsApp1.csproj", "{2D98FF88-C123-4990-89E7-923C05016A37}"
EndProject
Global
	GlobalSection(SolutionConfigurationPlatforms) = preSolution
		Debug|Any CPU = Debug|Any CPU
		Release|Any CPU = Release|Any CPU
	EndGlobalSection
	GlobalSection(ProjectConfigurationPlatforms) = postSolution
		{2D98FF88-C123-4990-89E7-923C05016A37}.Debug|Any CPU.ActiveCfg = Debug|Any CPU
		{2D98FF88-C123-4990-89E7-923C05016A37}.Debug|Any CPU.Build.0 = Debug|Any CPU
		{2D98FF88-C123-4990-89E7-923C05016A37}.Release|Any CPU.ActiveCfg = Release|Any CPU
		{2D98FF88-C123-4990-89E7-923C05016A37}.Release|Any CPU.Build.0 = Release|Any CPU
	EndGlobalSection
	GlobalSection(SolutionProperties) = preSolution
		HideSolutionNode = FALSE
	EndGlobalSection
	GlobalSection(ExtensibilityGlobals) = postSolution
		SolutionGuid = {E17018DA-2E4A-458C-9D5D-4678AB86C689}
	EndGlobalSection
EndGlobal
