
Microsoft Visual Studio Solution File, Format Version 12.00
# Visual Studio Version 17
VisualStudioVersion = 17.0.31903.59
MinimumVisualStudioVersion = 10.0.40219.1
Project("{FAE04EC0-301F-11D3-BF4B-00C04F79EFBC}") = "المشروع الثامن", "المشروع الثامن.csproj", "{39CD1A58-0BF1-41EA-B884-FFD5DD9BFCFE}"
EndProject
Global
	GlobalSection(SolutionConfigurationPlatforms) = preSolution
		Debug|Any CPU = Debug|Any CPU
		Release|Any CPU = Release|Any CPU
	EndGlobalSection
	GlobalSection(ProjectConfigurationPlatforms) = postSolution
		{39CD1A58-0BF1-41EA-B884-FFD5DD9BFCFE}.Debug|Any CPU.ActiveCfg = Debug|Any CPU
		{39CD1A58-0BF1-41EA-B884-FFD5DD9BFCFE}.Debug|Any CPU.Build.0 = Debug|Any CPU
		{39CD1A58-0BF1-41EA-B884-FFD5DD9BFCFE}.Release|Any CPU.ActiveCfg = Release|Any CPU
		{39CD1A58-0BF1-41EA-B884-FFD5DD9BFCFE}.Release|Any CPU.Build.0 = Release|Any CPU
	EndGlobalSection
	GlobalSection(SolutionProperties) = preSolution
		HideSolutionNode = FALSE
	EndGlobalSection
	GlobalSection(ExtensibilityGlobals) = postSolution
		SolutionGuid = {97A7F699-3EBD-4966-A8EE-70A7CDED7D03}
	EndGlobalSection
EndGlobal
