
Microsoft Visual Studio Solution File, Format Version 12.00
# Visual Studio Version 17
VisualStudioVersion = 17.0.31903.59
MinimumVisualStudioVersion = 10.0.40219.1
Project("{FAE04EC0-301F-11D3-BF4B-00C04F79EFBC}") = "المشروع العاشر", "المشروع العاشر.csproj", "{3529D551-2469-4964-A00E-9CFE220B4DEE}"
EndProject
Global
	GlobalSection(SolutionConfigurationPlatforms) = preSolution
		Debug|Any CPU = Debug|Any CPU
		Release|Any CPU = Release|Any CPU
	EndGlobalSection
	GlobalSection(ProjectConfigurationPlatforms) = postSolution
		{3529D551-2469-4964-A00E-9CFE220B4DEE}.Debug|Any CPU.ActiveCfg = Debug|Any CPU
		{3529D551-2469-4964-A00E-9CFE220B4DEE}.Debug|Any CPU.Build.0 = Debug|Any CPU
		{3529D551-2469-4964-A00E-9CFE220B4DEE}.Release|Any CPU.ActiveCfg = Release|Any CPU
		{3529D551-2469-4964-A00E-9CFE220B4DEE}.Release|Any CPU.Build.0 = Release|Any CPU
	EndGlobalSection
	GlobalSection(SolutionProperties) = preSolution
		HideSolutionNode = FALSE
	EndGlobalSection
	GlobalSection(ExtensibilityGlobals) = postSolution
		SolutionGuid = {8AA64C9E-A3E1-48BA-9FC8-EEC50B0684E4}
	EndGlobalSection
EndGlobal
